
Microsoft Visual Studio Solution File, Format Version 12.00
# Visual Studio Version 16
VisualStudioVersion = 16.0.30104.148
MinimumVisualStudioVersion = 10.0.40219.1
Project("{FAE04EC0-301F-11D3-BF4B-00C04F79EFBC}") = "BookLibrary.WebUI", "WebUI\BookLibrary.WebUI.csproj", "{BC5C16A8-B86F-4DCA-B8AB-3AE1B8D4A331}"
EndProject
Project("{FAE04EC0-301F-11D3-BF4B-00C04F79EFBC}") = "BookLibrary.BusinessLogic", "BusinessLogic\BookLibrary.BusinessLogic.csproj", "{09EB3519-5279-421D-B366-78861FE13172}"
	ProjectSection(ProjectDependencies) = postProject
		{D2C9CFDD-6351-4D79-BE5C-0A3F934D49D4} = {D2C9CFDD-6351-4D79-BE5C-0A3F934D49D4}
	EndProjectSection
EndProject
Project("{FAE04EC0-301F-11D3-BF4B-00C04F79EFBC}") = "BookLibrary.DataAccess", "DomainAccess\BookLibrary.DataAccess.csproj", "{D2C9CFDD-6351-4D79-BE5C-0A3F934D49D4}"
EndProject
Project("{FAE04EC0-301F-11D3-BF4B-00C04F79EFBC}") = "BookLibrary.UnitTests", "UnitTests\BookLibrary.UnitTests.csproj", "{0B6D93E6-BDF2-4094-A355-31BD74D16224}"
EndProject
Global
	GlobalSection(SolutionConfigurationPlatforms) = preSolution
		Debug|Any CPU = Debug|Any CPU
		Debug|ARM = Debug|ARM
		Debug|ARM64 = Debug|ARM64
		Debug|x64 = Debug|x64
		Debug|x86 = Debug|x86
		Release|Any CPU = Release|Any CPU
		Release|ARM = Release|ARM
		Release|ARM64 = Release|ARM64
		Release|x64 = Release|x64
		Release|x86 = Release|x86
	EndGlobalSection
	GlobalSection(ProjectConfigurationPlatforms) = postSolution
		{BC5C16A8-B86F-4DCA-B8AB-3AE1B8D4A331}.Debug|Any CPU.ActiveCfg = Debug|Any CPU
		{BC5C16A8-B86F-4DCA-B8AB-3AE1B8D4A331}.Debug|Any CPU.Build.0 = Debug|Any CPU
		{BC5C16A8-B86F-4DCA-B8AB-3AE1B8D4A331}.Debug|ARM.ActiveCfg = Debug|Any CPU
		{BC5C16A8-B86F-4DCA-B8AB-3AE1B8D4A331}.Debug|ARM.Build.0 = Debug|Any CPU
		{BC5C16A8-B86F-4DCA-B8AB-3AE1B8D4A331}.Debug|ARM64.ActiveCfg = Debug|Any CPU
		{BC5C16A8-B86F-4DCA-B8AB-3AE1B8D4A331}.Debug|ARM64.Build.0 = Debug|Any CPU
		{BC5C16A8-B86F-4DCA-B8AB-3AE1B8D4A331}.Debug|x64.ActiveCfg = Debug|Any CPU
		{BC5C16A8-B86F-4DCA-B8AB-3AE1B8D4A331}.Debug|x64.Build.0 = Debug|Any CPU
		{BC5C16A8-B86F-4DCA-B8AB-3AE1B8D4A331}.Debug|x86.ActiveCfg = Debug|Any CPU
		{BC5C16A8-B86F-4DCA-B8AB-3AE1B8D4A331}.Debug|x86.Build.0 = Debug|Any CPU
		{BC5C16A8-B86F-4DCA-B8AB-3AE1B8D4A331}.Release|Any CPU.ActiveCfg = Release|Any CPU
		{BC5C16A8-B86F-4DCA-B8AB-3AE1B8D4A331}.Release|Any CPU.Build.0 = Release|Any CPU
		{BC5C16A8-B86F-4DCA-B8AB-3AE1B8D4A331}.Release|ARM.ActiveCfg = Release|Any CPU
		{BC5C16A8-B86F-4DCA-B8AB-3AE1B8D4A331}.Release|ARM.Build.0 = Release|Any CPU
		{BC5C16A8-B86F-4DCA-B8AB-3AE1B8D4A331}.Release|ARM64.ActiveCfg = Release|Any CPU
		{BC5C16A8-B86F-4DCA-B8AB-3AE1B8D4A331}.Release|ARM64.Build.0 = Release|Any CPU
		{BC5C16A8-B86F-4DCA-B8AB-3AE1B8D4A331}.Release|x64.ActiveCfg = Release|Any CPU
		{BC5C16A8-B86F-4DCA-B8AB-3AE1B8D4A331}.Release|x64.Build.0 = Release|Any CPU
		{BC5C16A8-B86F-4DCA-B8AB-3AE1B8D4A331}.Release|x86.ActiveCfg = Release|Any CPU
		{BC5C16A8-B86F-4DCA-B8AB-3AE1B8D4A331}.Release|x86.Build.0 = Release|Any CPU
		{09EB3519-5279-421D-B366-78861FE13172}.Debug|Any CPU.ActiveCfg = Debug|Any CPU
		{09EB3519-5279-421D-B366-78861FE13172}.Debug|Any CPU.Build.0 = Debug|Any CPU
		{09EB3519-5279-421D-B366-78861FE13172}.Debug|ARM.ActiveCfg = Debug|Any CPU
		{09EB3519-5279-421D-B366-78861FE13172}.Debug|ARM.Build.0 = Debug|Any CPU
		{09EB3519-5279-421D-B366-78861FE13172}.Debug|ARM64.ActiveCfg = Debug|Any CPU
		{09EB3519-5279-421D-B366-78861FE13172}.Debug|ARM64.Build.0 = Debug|Any CPU
		{09EB3519-5279-421D-B366-78861FE13172}.Debug|x64.ActiveCfg = Debug|Any CPU
		{09EB3519-5279-421D-B366-78861FE13172}.Debug|x64.Build.0 = Debug|Any CPU
		{09EB3519-5279-421D-B366-78861FE13172}.Debug|x86.ActiveCfg = Debug|Any CPU
		{09EB3519-5279-421D-B366-78861FE13172}.Debug|x86.Build.0 = Debug|Any CPU
		{09EB3519-5279-421D-B366-78861FE13172}.Release|Any CPU.ActiveCfg = Release|Any CPU
		{09EB3519-5279-421D-B366-78861FE13172}.Release|Any CPU.Build.0 = Release|Any CPU
		{09EB3519-5279-421D-B366-78861FE13172}.Release|ARM.ActiveCfg = Release|Any CPU
		{09EB3519-5279-421D-B366-78861FE13172}.Release|ARM.Build.0 = Release|Any CPU
		{09EB3519-5279-421D-B366-78861FE13172}.Release|ARM64.ActiveCfg = Release|Any CPU
		{09EB3519-5279-421D-B366-78861FE13172}.Release|ARM64.Build.0 = Release|Any CPU
		{09EB3519-5279-421D-B366-78861FE13172}.Release|x64.ActiveCfg = Release|Any CPU
		{09EB3519-5279-421D-B366-78861FE13172}.Release|x64.Build.0 = Release|Any CPU
		{09EB3519-5279-421D-B366-78861FE13172}.Release|x86.ActiveCfg = Release|Any CPU
		{09EB3519-5279-421D-B366-78861FE13172}.Release|x86.Build.0 = Release|Any CPU
		{D2C9CFDD-6351-4D79-BE5C-0A3F934D49D4}.Debug|Any CPU.ActiveCfg = Debug|Any CPU
		{D2C9CFDD-6351-4D79-BE5C-0A3F934D49D4}.Debug|Any CPU.Build.0 = Debug|Any CPU
		{D2C9CFDD-6351-4D79-BE5C-0A3F934D49D4}.Debug|ARM.ActiveCfg = Debug|Any CPU
		{D2C9CFDD-6351-4D79-BE5C-0A3F934D49D4}.Debug|ARM.Build.0 = Debug|Any CPU
		{D2C9CFDD-6351-4D79-BE5C-0A3F934D49D4}.Debug|ARM64.ActiveCfg = Debug|Any CPU
		{D2C9CFDD-6351-4D79-BE5C-0A3F934D49D4}.Debug|ARM64.Build.0 = Debug|Any CPU
		{D2C9CFDD-6351-4D79-BE5C-0A3F934D49D4}.Debug|x64.ActiveCfg = Debug|Any CPU
		{D2C9CFDD-6351-4D79-BE5C-0A3F934D49D4}.Debug|x64.Build.0 = Debug|Any CPU
		{D2C9CFDD-6351-4D79-BE5C-0A3F934D49D4}.Debug|x86.ActiveCfg = Debug|Any CPU
		{D2C9CFDD-6351-4D79-BE5C-0A3F934D49D4}.Debug|x86.Build.0 = Debug|Any CPU
		{D2C9CFDD-6351-4D79-BE5C-0A3F934D49D4}.Release|Any CPU.ActiveCfg = Release|Any CPU
		{D2C9CFDD-6351-4D79-BE5C-0A3F934D49D4}.Release|Any CPU.Build.0 = Release|Any CPU
		{D2C9CFDD-6351-4D79-BE5C-0A3F934D49D4}.Release|ARM.ActiveCfg = Release|Any CPU
		{D2C9CFDD-6351-4D79-BE5C-0A3F934D49D4}.Release|ARM.Build.0 = Release|Any CPU
		{D2C9CFDD-6351-4D79-BE5C-0A3F934D49D4}.Release|ARM64.ActiveCfg = Release|Any CPU
		{D2C9CFDD-6351-4D79-BE5C-0A3F934D49D4}.Release|ARM64.Build.0 = Release|Any CPU
		{D2C9CFDD-6351-4D79-BE5C-0A3F934D49D4}.Release|x64.ActiveCfg = Release|Any CPU
		{D2C9CFDD-6351-4D79-BE5C-0A3F934D49D4}.Release|x64.Build.0 = Release|Any CPU
		{D2C9CFDD-6351-4D79-BE5C-0A3F934D49D4}.Release|x86.ActiveCfg = Release|Any CPU
		{D2C9CFDD-6351-4D79-BE5C-0A3F934D49D4}.Release|x86.Build.0 = Release|Any CPU
		{0B6D93E6-BDF2-4094-A355-31BD74D16224}.Debug|Any CPU.ActiveCfg = Debug|Any CPU
		{0B6D93E6-BDF2-4094-A355-31BD74D16224}.Debug|Any CPU.Build.0 = Debug|Any CPU
		{0B6D93E6-BDF2-4094-A355-31BD74D16224}.Debug|ARM.ActiveCfg = Debug|Any CPU
		{0B6D93E6-BDF2-4094-A355-31BD74D16224}.Debug|ARM.Build.0 = Debug|Any CPU
		{0B6D93E6-BDF2-4094-A355-31BD74D16224}.Debug|ARM64.ActiveCfg = Debug|Any CPU
		{0B6D93E6-BDF2-4094-A355-31BD74D16224}.Debug|ARM64.Build.0 = Debug|Any CPU
		{0B6D93E6-BDF2-4094-A355-31BD74D16224}.Debug|x64.ActiveCfg = Debug|Any CPU
		{0B6D93E6-BDF2-4094-A355-31BD74D16224}.Debug|x64.Build.0 = Debug|Any CPU
		{0B6D93E6-BDF2-4094-A355-31BD74D16224}.Debug|x86.ActiveCfg = Debug|Any CPU
		{0B6D93E6-BDF2-4094-A355-31BD74D16224}.Debug|x86.Build.0 = Debug|Any CPU
		{0B6D93E6-BDF2-4094-A355-31BD74D16224}.Release|Any CPU.ActiveCfg = Release|Any CPU
		{0B6D93E6-BDF2-4094-A355-31BD74D16224}.Release|Any CPU.Build.0 = Release|Any CPU
		{0B6D93E6-BDF2-4094-A355-31BD74D16224}.Release|ARM.ActiveCfg = Release|Any CPU
		{0B6D93E6-BDF2-4094-A355-31BD74D16224}.Release|ARM.Build.0 = Release|Any CPU
		{0B6D93E6-BDF2-4094-A355-31BD74D16224}.Release|ARM64.ActiveCfg = Release|Any CPU
		{0B6D93E6-BDF2-4094-A355-31BD74D16224}.Release|ARM64.Build.0 = Release|Any CPU
		{0B6D93E6-BDF2-4094-A355-31BD74D16224}.Release|x64.ActiveCfg = Release|Any CPU
		{0B6D93E6-BDF2-4094-A355-31BD74D16224}.Release|x64.Build.0 = Release|Any CPU
		{0B6D93E6-BDF2-4094-A355-31BD74D16224}.Release|x86.ActiveCfg = Release|Any CPU
		{0B6D93E6-BDF2-4094-A355-31BD74D16224}.Release|x86.Build.0 = Release|Any CPU
	EndGlobalSection
	GlobalSection(SolutionProperties) = preSolution
		HideSolutionNode = FALSE
	EndGlobalSection
	GlobalSection(ExtensibilityGlobals) = postSolution
		SolutionGuid = {32C6F7A2-96F0-4430-86CB-AB963798D8A3}
	EndGlobalSection
EndGlobal
